
Microsoft Visual Studio Solution File, Format Version 12.00
# Visual Studio Version 17
VisualStudioVersion = 17.0.31903.59
MinimumVisualStudioVersion = 10.0.40219.1
Project("{9A19103F-16F7-4668-BE54-9A1E7A4F7556}") = "vite-dotnet-demo", "vite-dotnet-demo\vite-dotnet-demo.csproj", "{5F589FBE-3671-457F-A303-204B7DB15F5C}"
EndProject
Project("{9A19103F-16F7-4668-BE54-9A1E7A4F7556}") = "ViteSharp", "ViteSharp\ViteSharp.csproj", "{308EA01B-0D2A-4FEF-946B-615F253EEFDA}"
EndProject
Project("{FAE04EC0-301F-11D3-BF4B-00C04F79EFBC}") = "ViteSharp.Tests", "ViteSharp.Tests\ViteSharp.Tests.csproj", "{4629FE9D-8E29-4C2F-A0BF-479AEBD5B9C8}"
EndProject
Global
	GlobalSection(SolutionConfigurationPlatforms) = preSolution
		Debug|Any CPU = Debug|Any CPU
		Release|Any CPU = Release|Any CPU
	EndGlobalSection
	GlobalSection(ProjectConfigurationPlatforms) = postSolution
		{5F589FBE-3671-457F-A303-204B7DB15F5C}.Debug|Any CPU.ActiveCfg = Debug|Any CPU
		{5F589FBE-3671-457F-A303-204B7DB15F5C}.Debug|Any CPU.Build.0 = Debug|Any CPU
		{5F589FBE-3671-457F-A303-204B7DB15F5C}.Release|Any CPU.ActiveCfg = Release|Any CPU
		{5F589FBE-3671-457F-A303-204B7DB15F5C}.Release|Any CPU.Build.0 = Release|Any CPU
		{308EA01B-0D2A-4FEF-946B-615F253EEFDA}.Debug|Any CPU.ActiveCfg = Debug|Any CPU
		{308EA01B-0D2A-4FEF-946B-615F253EEFDA}.Debug|Any CPU.Build.0 = Debug|Any CPU
		{308EA01B-0D2A-4FEF-946B-615F253EEFDA}.Release|Any CPU.ActiveCfg = Release|Any CPU
		{308EA01B-0D2A-4FEF-946B-615F253EEFDA}.Release|Any CPU.Build.0 = Release|Any CPU
		{4629FE9D-8E29-4C2F-A0BF-479AEBD5B9C8}.Debug|Any CPU.ActiveCfg = Debug|Any CPU
		{4629FE9D-8E29-4C2F-A0BF-479AEBD5B9C8}.Debug|Any CPU.Build.0 = Debug|Any CPU
		{4629FE9D-8E29-4C2F-A0BF-479AEBD5B9C8}.Release|Any CPU.ActiveCfg = Release|Any CPU
		{4629FE9D-8E29-4C2F-A0BF-479AEBD5B9C8}.Release|Any CPU.Build.0 = Release|Any CPU
	EndGlobalSection
	GlobalSection(SolutionProperties) = preSolution
		HideSolutionNode = FALSE
	EndGlobalSection
	GlobalSection(ExtensibilityGlobals) = postSolution
		SolutionGuid = {1CD32349-8C8D-447E-A11D-B90B52AE0172}
	EndGlobalSection
EndGlobal
